
Microsoft Visual Studio Solution File, Format Version 12.00
# Visual Studio 2012
Project("{FAE04EC0-301F-11D3-BF4B-00C04F79EFBC}") = "Banking Application", "Banking Application\Banking Application.csproj", "{A7BAD59F-80F1-4625-A501-FB5EA272513B}"
EndProject
Global
	GlobalSection(SolutionConfigurationPlatforms) = preSolution
		Debug|Any CPU = Debug|Any CPU
		Release|Any CPU = Release|Any CPU
	EndGlobalSection
	GlobalSection(ProjectConfigurationPlatforms) = postSolution
		{A7BAD59F-80F1-4625-A501-FB5EA272513B}.Debug|Any CPU.ActiveCfg = Debug|Any CPU
		{A7BAD59F-80F1-4625-A501-FB5EA272513B}.Debug|Any CPU.Build.0 = Debug|Any CPU
		{A7BAD59F-80F1-4625-A501-FB5EA272513B}.Release|Any CPU.ActiveCfg = Release|Any CPU
		{A7BAD59F-80F1-4625-A501-FB5EA272513B}.Release|Any CPU.Build.0 = Release|Any CPU
	EndGlobalSection
	GlobalSection(SolutionProperties) = preSolution
		HideSolutionNode = FALSE
	EndGlobalSection
EndGlobal
